
Microsoft Visual Studio Solution File, Format Version 12.00
# Visual Studio Version 16
VisualStudioVersion = 16.0.30907.101
MinimumVisualStudioVersion = 10.0.40219.1
Project("{FAE04EC0-301F-11D3-BF4B-00C04F79EFBC}") = "KoUtilities", "KoUtilities.csproj", "{BA2ACC93-722B-4ACF-BE81-C6711225CA92}"
EndProject
Global
	GlobalSection(SolutionConfigurationPlatforms) = preSolution
		Debug|Any CPU = Debug|Any CPU
		Release|Any CPU = Release|Any CPU
	EndGlobalSection
	GlobalSection(ProjectConfigurationPlatforms) = postSolution
		{BA2ACC93-722B-4ACF-BE81-C6711225CA92}.Debug|Any CPU.ActiveCfg = Debug|Any CPU
		{BA2ACC93-722B-4ACF-BE81-C6711225CA92}.Debug|Any CPU.Build.0 = Debug|Any CPU
		{BA2ACC93-722B-4ACF-BE81-C6711225CA92}.Release|Any CPU.ActiveCfg = Release|Any CPU
		{BA2ACC93-722B-4ACF-BE81-C6711225CA92}.Release|Any CPU.Build.0 = Release|Any CPU
	EndGlobalSection
	GlobalSection(SolutionProperties) = preSolution
		HideSolutionNode = FALSE
	EndGlobalSection
	GlobalSection(ExtensibilityGlobals) = postSolution
		SolutionGuid = {CB64C537-4B4E-4EF7-8BCE-A2F5C035F594}
	EndGlobalSection
EndGlobal
